
Microsoft Visual Studio Solution File, Format Version 12.00
# Visual Studio 15
VisualStudioVersion = 15.0.27703.2042
MinimumVisualStudioVersion = 10.0.40219.1
Project("{9A19103F-16F7-4668-BE54-9A1E7A4F7556}") = "Citi", "Citi\Citi.csproj", "{C0975813-2F33-4568-9735-26A23B5588A0}"
EndProject
Project("{9A19103F-16F7-4668-BE54-9A1E7A4F7556}") = "Citi.Service", "Citi.Service\Citi.Service.csproj", "{F87D321E-5FD2-4FA0-AC12-75AB0CBE89D0}"
EndProject
Global
	GlobalSection(SolutionConfigurationPlatforms) = preSolution
		Debug|Any CPU = Debug|Any CPU
		Release|Any CPU = Release|Any CPU
	EndGlobalSection
	GlobalSection(ProjectConfigurationPlatforms) = postSolution
		{C0975813-2F33-4568-9735-26A23B5588A0}.Debug|Any CPU.ActiveCfg = Debug|Any CPU
		{C0975813-2F33-4568-9735-26A23B5588A0}.Debug|Any CPU.Build.0 = Debug|Any CPU
		{C0975813-2F33-4568-9735-26A23B5588A0}.Release|Any CPU.ActiveCfg = Release|Any CPU
		{C0975813-2F33-4568-9735-26A23B5588A0}.Release|Any CPU.Build.0 = Release|Any CPU
		{F87D321E-5FD2-4FA0-AC12-75AB0CBE89D0}.Debug|Any CPU.ActiveCfg = Debug|Any CPU
		{F87D321E-5FD2-4FA0-AC12-75AB0CBE89D0}.Debug|Any CPU.Build.0 = Debug|Any CPU
		{F87D321E-5FD2-4FA0-AC12-75AB0CBE89D0}.Release|Any CPU.ActiveCfg = Release|Any CPU
		{F87D321E-5FD2-4FA0-AC12-75AB0CBE89D0}.Release|Any CPU.Build.0 = Release|Any CPU
	EndGlobalSection
	GlobalSection(SolutionProperties) = preSolution
		HideSolutionNode = FALSE
	EndGlobalSection
	GlobalSection(ExtensibilityGlobals) = postSolution
		SolutionGuid = {728BCADB-832E-4BA0-A481-9EE221F612C7}
	EndGlobalSection
EndGlobal
