
Microsoft Visual Studio Solution File, Format Version 12.00
# Visual Studio 15
VisualStudioVersion = 15.0.28307.168
MinimumVisualStudioVersion = 10.0.40219.1
Project("{9A19103F-16F7-4668-BE54-9A1E7A4F7556}") = "Citi", "Citi\Citi.csproj", "{B0481A3F-8B57-447C-B4CD-DEB786BA3377}"
EndProject
Project("{FAE04EC0-301F-11D3-BF4B-00C04F79EFBC}") = "Citi.Service", "Citi.Service\Citi.Service.csproj", "{821C14C7-91B2-412C-B8C2-116BA4132C3A}"
EndProject
Global
	GlobalSection(SolutionConfigurationPlatforms) = preSolution
		Debug|Any CPU = Debug|Any CPU
		Release|Any CPU = Release|Any CPU
	EndGlobalSection
	GlobalSection(ProjectConfigurationPlatforms) = postSolution
		{B0481A3F-8B57-447C-B4CD-DEB786BA3377}.Debug|Any CPU.ActiveCfg = Debug|Any CPU
		{B0481A3F-8B57-447C-B4CD-DEB786BA3377}.Debug|Any CPU.Build.0 = Debug|Any CPU
		{B0481A3F-8B57-447C-B4CD-DEB786BA3377}.Release|Any CPU.ActiveCfg = Release|Any CPU
		{B0481A3F-8B57-447C-B4CD-DEB786BA3377}.Release|Any CPU.Build.0 = Release|Any CPU
		{821C14C7-91B2-412C-B8C2-116BA4132C3A}.Debug|Any CPU.ActiveCfg = Debug|Any CPU
		{821C14C7-91B2-412C-B8C2-116BA4132C3A}.Debug|Any CPU.Build.0 = Debug|Any CPU
		{821C14C7-91B2-412C-B8C2-116BA4132C3A}.Release|Any CPU.ActiveCfg = Release|Any CPU
		{821C14C7-91B2-412C-B8C2-116BA4132C3A}.Release|Any CPU.Build.0 = Release|Any CPU
	EndGlobalSection
	GlobalSection(SolutionProperties) = preSolution
		HideSolutionNode = FALSE
	EndGlobalSection
	GlobalSection(ExtensibilityGlobals) = postSolution
		SolutionGuid = {CF5758FA-8111-4BAD-9551-A025E3239BC2}
	EndGlobalSection
EndGlobal
