{
  "requires": true,
  "lockfileVersion": 1,
  "dependencies": {
    "primeng": {
      "version": "7.0.3",
      "resolved": "https://registry.npmjs.org/primeng/-/primeng-7.0.3.tgz",
      "integrity": "sha512-WbC8ScwpFO6iSxiTm/FGRr0T1Q6PvmbIjSFChoA9YIGXVGFK1hCG3K0xhEMdStCdS237m8SKoFoq/jcuJCZIjA=="
    }
  }
}
